// !$*UTF8*$!
{
	archiveVersion = 1;
	classes = {
	};
	objectVersion = 55;
	objects = {

/* Begin PBXBuildFile section */
		6D0655602C58F7B20015CB6B /* FitnessPad.xcdatamodeld in Sources */ = {isa = PBXBuildFile; fileRef = 6D06555E2C58F7B20015CB6B /* FitnessPad.xcdatamodeld */; };
		6D26F10E27EF6909002D5F4F /* WorkoutViewModel.swift in Sources */ = {isa = PBXBuildFile; fileRef = 6D26F10D27EF6909002D5F4F /* WorkoutViewModel.swift */; };
		6D37D0FA2C638FD5004AB4DD /* Assets.xcassets in Resources */ = {isa = PBXBuildFile; fileRef = 6DAEA1A527E5EA0F0001EDF7 /* Assets.xcassets */; };
		6D37D0FC2C639AEC004AB4DD /* ImagePicker.swift in Sources */ = {isa = PBXBuildFile; fileRef = 6D37D0FB2C639AEC004AB4DD /* ImagePicker.swift */; };
		6D536B752C6961B800835D3C /* BackButton.swift in Sources */ = {isa = PBXBuildFile; fileRef = 6D536B742C6961B800835D3C /* BackButton.swift */; };
		6D538FF02C611B5D00478628 /* DeleteHintView.swift in Sources */ = {isa = PBXBuildFile; fileRef = 6D538FEF2C611B5D00478628 /* DeleteHintView.swift */; };
		6D55DB2B2D42E45300A642C5 /* CloseButtonCircle.swift in Sources */ = {isa = PBXBuildFile; fileRef = 6D55DB2A2D42E45300A642C5 /* CloseButtonCircle.swift */; };
		6D55DB2D2D46CCA400A642C5 /* CaloriesCalculator.swift in Sources */ = {isa = PBXBuildFile; fileRef = 6D55DB2C2D46CCA400A642C5 /* CaloriesCalculator.swift */; };
		6D55DB2F2D46D9A700A642C5 /* ExerciseDetailView.swift in Sources */ = {isa = PBXBuildFile; fileRef = 6D55DB2E2D46D9A700A642C5 /* ExerciseDetailView.swift */; };
		6D55DB312D46F9BC00A642C5 /* VideoPicker.swift in Sources */ = {isa = PBXBuildFile; fileRef = 6D55DB302D46F9BC00A642C5 /* VideoPicker.swift */; };
		6D55DB332D479D8F00A642C5 /* FoodDayHeaderView.swift in Sources */ = {isa = PBXBuildFile; fileRef = 6D55DB322D479D8F00A642C5 /* FoodDayHeaderView.swift */; };
		6D55DB8E2D4A328100A642C5 /* Product.swift in Sources */ = {isa = PBXBuildFile; fileRef = 6D55DB8D2D4A328100A642C5 /* Product.swift */; };
		6D55DB902D4A32B700A642C5 /* ProductSelectionView.swift in Sources */ = {isa = PBXBuildFile; fileRef = 6D55DB8F2D4A32B700A642C5 /* ProductSelectionView.swift */; };
		6D567C5B27EA15290039FCAD /* TabBarView.swift in Sources */ = {isa = PBXBuildFile; fileRef = 6D567C5A27EA15290039FCAD /* TabBarView.swift */; };
		6D6259AC2D35CC330082FC4B /* swipeablePanel.swift in Sources */ = {isa = PBXBuildFile; fileRef = 6D6259AB2D35CC330082FC4B /* swipeablePanel.swift */; };
		6D6259AF2D35D2B20082FC4B /* UIApplication+endEditing.swift in Sources */ = {isa = PBXBuildFile; fileRef = 6D6259AE2D35D2B20082FC4B /* UIApplication+endEditing.swift */; };
		6D6259B12D35D2F90082FC4B /* WorkoutDayViewHeaderView.swift in Sources */ = {isa = PBXBuildFile; fileRef = 6D6259B02D35D2F90082FC4B /* WorkoutDayViewHeaderView.swift */; };
		6D6259B32D3724810082FC4B /* WorkoutDay+DateFormatter.swift in Sources */ = {isa = PBXBuildFile; fileRef = 6D6259B22D3724810082FC4B /* WorkoutDay+DateFormatter.swift */; };
		6D6259B72D37CFD40082FC4B /* SettingsView.swift in Sources */ = {isa = PBXBuildFile; fileRef = 6D6259B62D37CFD40082FC4B /* SettingsView.swift */; };
		6D6259D62D38631A0082FC4B /* ExercisesListView.swift in Sources */ = {isa = PBXBuildFile; fileRef = 6D6259D52D38631A0082FC4B /* ExercisesListView.swift */; };
		6D6259D82D38633F0082FC4B /* ExerciseRowView.swift in Sources */ = {isa = PBXBuildFile; fileRef = 6D6259D72D38633F0082FC4B /* ExerciseRowView.swift */; };
		6D6259DA2D38635D0082FC4B /* ExerciseSetView.swift in Sources */ = {isa = PBXBuildFile; fileRef = 6D6259D92D38635D0082FC4B /* ExerciseSetView.swift */; };
		6D6259DC2D3863870082FC4B /* ExerciseAttributes.swift in Sources */ = {isa = PBXBuildFile; fileRef = 6D6259DB2D3863870082FC4B /* ExerciseAttributes.swift */; };
		6D8B485F2D32DF0800516B7C /* EmptyWorkoutDayView.swift in Sources */ = {isa = PBXBuildFile; fileRef = 6D8B485E2D32DF0800516B7C /* EmptyWorkoutDayView.swift */; };
		6D8B48632D351E9E00516B7C /* WokroutDay+ExercisesArray.swift in Sources */ = {isa = PBXBuildFile; fileRef = 6D8B48622D351E9E00516B7C /* WokroutDay+ExercisesArray.swift */; };
		6D8B48652D351EE600516B7C /* Exercise+SetsArray.swift in Sources */ = {isa = PBXBuildFile; fileRef = 6D8B48642D351EE600516B7C /* Exercise+SetsArray.swift */; };
		6D8B48672D351F2B00516B7C /* Exercise+Attributes.swift in Sources */ = {isa = PBXBuildFile; fileRef = 6D8B48662D351F2B00516B7C /* Exercise+Attributes.swift */; };
		6D8B48692D351F6000516B7C /* Array+EnumeratedArray.swift in Sources */ = {isa = PBXBuildFile; fileRef = 6D8B48682D351F6000516B7C /* Array+EnumeratedArray.swift */; };
		6D8B486B2D351F9500516B7C /* NumberFormatter+Decimal+Integer.swift in Sources */ = {isa = PBXBuildFile; fileRef = 6D8B486A2D351F9500516B7C /* NumberFormatter+Decimal+Integer.swift */; };
		6D8B486F2D3521C900516B7C /* PHPhotoLibrary+Permission.swift in Sources */ = {isa = PBXBuildFile; fileRef = 6D8B486E2D3521C900516B7C /* PHPhotoLibrary+Permission.swift */; };
		6D8DED5827EA257A00A1B6B9 /* TabBarModel.swift in Sources */ = {isa = PBXBuildFile; fileRef = 6D8DED5727EA257A00A1B6B9 /* TabBarModel.swift */; };
		6DADFDB727FC711900A122E0 /* DefaultExercisesModel.swift in Sources */ = {isa = PBXBuildFile; fileRef = 6DADFDB627FC711900A122E0 /* DefaultExercisesModel.swift */; };
		6DADFDDC28044BE100A122E0 /* WorkoutDayView.swift in Sources */ = {isa = PBXBuildFile; fileRef = 6DADFDDB28044BE100A122E0 /* WorkoutDayView.swift */; };
		6DAEA1A227E5EA0D0001EDF7 /* FitnessPadApp.swift in Sources */ = {isa = PBXBuildFile; fileRef = 6DAEA1A127E5EA0D0001EDF7 /* FitnessPadApp.swift */; };
		6DAEA1A427E5EA0D0001EDF7 /* ContentView.swift in Sources */ = {isa = PBXBuildFile; fileRef = 6DAEA1A327E5EA0D0001EDF7 /* ContentView.swift */; };
		6DAEA1AB27E5EA0F0001EDF7 /* Persistence.swift in Sources */ = {isa = PBXBuildFile; fileRef = 6DAEA1AA27E5EA0F0001EDF7 /* Persistence.swift */; };
		6DB8CF9B2D302DC8004404E1 /* CalendarView.swift in Sources */ = {isa = PBXBuildFile; fileRef = 6DB8CF9A2D302DC8004404E1 /* CalendarView.swift */; };
		6DBAF97227E7E04E005B8EE4 /* RoundedCorners.swift in Sources */ = {isa = PBXBuildFile; fileRef = 6DBAF97127E7E04E005B8EE4 /* RoundedCorners.swift */; };
		6DBAF97827E9288C005B8EE4 /* ExercisesView.swift in Sources */ = {isa = PBXBuildFile; fileRef = 6DBAF97727E9288C005B8EE4 /* ExercisesView.swift */; };
		6DBAF97A27E9289C005B8EE4 /* ProgressView.swift in Sources */ = {isa = PBXBuildFile; fileRef = 6DBAF97927E9289C005B8EE4 /* ProgressView.swift */; };
		6DE2A56527F22846002008FE /* WorkoutDayDetailsView.swift in Sources */ = {isa = PBXBuildFile; fileRef = 6DE2A56427F22846002008FE /* WorkoutDayDetailsView.swift */; };
		6DF2CFEC2D39B70100DCFC9C /* ExerciseFormView.swift in Sources */ = {isa = PBXBuildFile; fileRef = 6DF2CFEB2D39B70100DCFC9C /* ExerciseFormView.swift */; };
		6DF2CFEE2D39BBB200DCFC9C /* CustomTextField.swift in Sources */ = {isa = PBXBuildFile; fileRef = 6DF2CFED2D39BBB200DCFC9C /* CustomTextField.swift */; };
		6DF2CFF02D39BBD100DCFC9C /* CustomButton.swift in Sources */ = {isa = PBXBuildFile; fileRef = 6DF2CFEF2D39BBD100DCFC9C /* CustomButton.swift */; };
		6DF2CFF42D39D67300DCFC9C /* LaunchScreenView.swift in Sources */ = {isa = PBXBuildFile; fileRef = 6DF2CFF32D39D67300DCFC9C /* LaunchScreenView.swift */; };
		6DF2CFF62D3FC27600DCFC9C /* FoodDayView.swift in Sources */ = {isa = PBXBuildFile; fileRef = 6DF2CFF52D3FC27600DCFC9C /* FoodDayView.swift */; };
		6DF2CFF92D40085100DCFC9C /* MealFormView.swift in Sources */ = {isa = PBXBuildFile; fileRef = 6DF2CFF82D40085100DCFC9C /* MealFormView.swift */; };
/* End PBXBuildFile section */

/* Begin PBXFileReference section */
		6D06555F2C58F7B20015CB6B /* FitnessPad.xcdatamodel */ = {isa = PBXFileReference; lastKnownFileType = wrapper.xcdatamodel; path = FitnessPad.xcdatamodel; sourceTree = "<group>"; };
		6D06558D2C5D90D30015CB6B /* XCTest.framework */ = {isa = PBXFileReference; lastKnownFileType = wrapper.framework; name = XCTest.framework; path = Platforms/iPhoneOS.platform/Developer/Library/Frameworks/XCTest.framework; sourceTree = DEVELOPER_DIR; };
		6D26F10D27EF6909002D5F4F /* WorkoutViewModel.swift */ = {isa = PBXFileReference; lastKnownFileType = sourcecode.swift; path = WorkoutViewModel.swift; sourceTree = "<group>"; };
		6D37D0F52C638C03004AB4DD /* Info.plist */ = {isa = PBXFileReference; lastKnownFileType = text.plist.xml; path = Info.plist; sourceTree = "<group>"; };
		6D37D0FB2C639AEC004AB4DD /* ImagePicker.swift */ = {isa = PBXFileReference; lastKnownFileType = sourcecode.swift; path = ImagePicker.swift; sourceTree = "<group>"; };
		6D536B742C6961B800835D3C /* BackButton.swift */ = {isa = PBXFileReference; lastKnownFileType = sourcecode.swift; path = BackButton.swift; sourceTree = "<group>"; };
		6D538FEF2C611B5D00478628 /* DeleteHintView.swift */ = {isa = PBXFileReference; lastKnownFileType = sourcecode.swift; path = DeleteHintView.swift; sourceTree = "<group>"; };
		6D55DB2A2D42E45300A642C5 /* CloseButtonCircle.swift */ = {isa = PBXFileReference; lastKnownFileType = sourcecode.swift; path = CloseButtonCircle.swift; sourceTree = "<group>"; };
		6D55DB2C2D46CCA400A642C5 /* CaloriesCalculator.swift */ = {isa = PBXFileReference; lastKnownFileType = sourcecode.swift; path = CaloriesCalculator.swift; sourceTree = "<group>"; };
		6D55DB2E2D46D9A700A642C5 /* ExerciseDetailView.swift */ = {isa = PBXFileReference; lastKnownFileType = sourcecode.swift; path = ExerciseDetailView.swift; sourceTree = "<group>"; };
		6D55DB302D46F9BC00A642C5 /* VideoPicker.swift */ = {isa = PBXFileReference; lastKnownFileType = sourcecode.swift; path = VideoPicker.swift; sourceTree = "<group>"; };
		6D55DB322D479D8F00A642C5 /* FoodDayHeaderView.swift */ = {isa = PBXFileReference; lastKnownFileType = sourcecode.swift; path = FoodDayHeaderView.swift; sourceTree = "<group>"; };
		6D55DB8D2D4A328100A642C5 /* Product.swift */ = {isa = PBXFileReference; lastKnownFileType = sourcecode.swift; path = Product.swift; sourceTree = "<group>"; };
		6D55DB8F2D4A32B700A642C5 /* ProductSelectionView.swift */ = {isa = PBXFileReference; lastKnownFileType = sourcecode.swift; path = ProductSelectionView.swift; sourceTree = "<group>"; };
		6D567C5A27EA15290039FCAD /* TabBarView.swift */ = {isa = PBXFileReference; lastKnownFileType = sourcecode.swift; path = TabBarView.swift; sourceTree = "<group>"; };
		6D6259AB2D35CC330082FC4B /* swipeablePanel.swift */ = {isa = PBXFileReference; lastKnownFileType = sourcecode.swift; path = swipeablePanel.swift; sourceTree = "<group>"; };
		6D6259AE2D35D2B20082FC4B /* UIApplication+endEditing.swift */ = {isa = PBXFileReference; lastKnownFileType = sourcecode.swift; path = "UIApplication+endEditing.swift"; sourceTree = "<group>"; };
		6D6259B02D35D2F90082FC4B /* WorkoutDayViewHeaderView.swift */ = {isa = PBXFileReference; lastKnownFileType = sourcecode.swift; path = WorkoutDayViewHeaderView.swift; sourceTree = "<group>"; };
		6D6259B22D3724810082FC4B /* WorkoutDay+DateFormatter.swift */ = {isa = PBXFileReference; lastKnownFileType = sourcecode.swift; path = "WorkoutDay+DateFormatter.swift"; sourceTree = "<group>"; };
		6D6259B62D37CFD40082FC4B /* SettingsView.swift */ = {isa = PBXFileReference; lastKnownFileType = sourcecode.swift; path = SettingsView.swift; sourceTree = "<group>"; };
		6D6259D52D38631A0082FC4B /* ExercisesListView.swift */ = {isa = PBXFileReference; lastKnownFileType = sourcecode.swift; path = ExercisesListView.swift; sourceTree = "<group>"; };
		6D6259D72D38633F0082FC4B /* ExerciseRowView.swift */ = {isa = PBXFileReference; lastKnownFileType = sourcecode.swift; path = ExerciseRowView.swift; sourceTree = "<group>"; };
		6D6259D92D38635D0082FC4B /* ExerciseSetView.swift */ = {isa = PBXFileReference; lastKnownFileType = sourcecode.swift; path = ExerciseSetView.swift; sourceTree = "<group>"; };
		6D6259DB2D3863870082FC4B /* ExerciseAttributes.swift */ = {isa = PBXFileReference; lastKnownFileType = sourcecode.swift; path = ExerciseAttributes.swift; sourceTree = "<group>"; };
		6D8B485E2D32DF0800516B7C /* EmptyWorkoutDayView.swift */ = {isa = PBXFileReference; lastKnownFileType = sourcecode.swift; path = EmptyWorkoutDayView.swift; sourceTree = "<group>"; };
		6D8B48622D351E9E00516B7C /* WokroutDay+ExercisesArray.swift */ = {isa = PBXFileReference; lastKnownFileType = sourcecode.swift; path = "WokroutDay+ExercisesArray.swift"; sourceTree = "<group>"; };
		6D8B48642D351EE600516B7C /* Exercise+SetsArray.swift */ = {isa = PBXFileReference; lastKnownFileType = sourcecode.swift; path = "Exercise+SetsArray.swift"; sourceTree = "<group>"; };
		6D8B48662D351F2B00516B7C /* Exercise+Attributes.swift */ = {isa = PBXFileReference; lastKnownFileType = sourcecode.swift; path = "Exercise+Attributes.swift"; sourceTree = "<group>"; };
		6D8B48682D351F6000516B7C /* Array+EnumeratedArray.swift */ = {isa = PBXFileReference; lastKnownFileType = sourcecode.swift; path = "Array+EnumeratedArray.swift"; sourceTree = "<group>"; };
		6D8B486A2D351F9500516B7C /* NumberFormatter+Decimal+Integer.swift */ = {isa = PBXFileReference; lastKnownFileType = sourcecode.swift; path = "NumberFormatter+Decimal+Integer.swift"; sourceTree = "<group>"; };
		6D8B486E2D3521C900516B7C /* PHPhotoLibrary+Permission.swift */ = {isa = PBXFileReference; lastKnownFileType = sourcecode.swift; path = "PHPhotoLibrary+Permission.swift"; sourceTree = "<group>"; };
		6D8DED5727EA257A00A1B6B9 /* TabBarModel.swift */ = {isa = PBXFileReference; lastKnownFileType = sourcecode.swift; path = TabBarModel.swift; sourceTree = "<group>"; };
		6DADFDB627FC711900A122E0 /* DefaultExercisesModel.swift */ = {isa = PBXFileReference; lastKnownFileType = sourcecode.swift; path = DefaultExercisesModel.swift; sourceTree = "<group>"; };
		6DADFDDB28044BE100A122E0 /* WorkoutDayView.swift */ = {isa = PBXFileReference; lastKnownFileType = sourcecode.swift; path = WorkoutDayView.swift; sourceTree = "<group>"; };
		6DAEA19E27E5EA0D0001EDF7 /* FitnessPad.app */ = {isa = PBXFileReference; explicitFileType = wrapper.application; includeInIndex = 0; path = FitnessPad.app; sourceTree = BUILT_PRODUCTS_DIR; };
		6DAEA1A127E5EA0D0001EDF7 /* FitnessPadApp.swift */ = {isa = PBXFileReference; lastKnownFileType = sourcecode.swift; path = FitnessPadApp.swift; sourceTree = "<group>"; };
		6DAEA1A327E5EA0D0001EDF7 /* ContentView.swift */ = {isa = PBXFileReference; lastKnownFileType = sourcecode.swift; path = ContentView.swift; sourceTree = "<group>"; };
		6DAEA1A527E5EA0F0001EDF7 /* Assets.xcassets */ = {isa = PBXFileReference; lastKnownFileType = folder.assetcatalog; path = Assets.xcassets; sourceTree = "<group>"; };
		6DAEA1A827E5EA0F0001EDF7 /* Preview Assets.xcassets */ = {isa = PBXFileReference; lastKnownFileType = folder.assetcatalog; path = "Preview Assets.xcassets"; sourceTree = "<group>"; };
		6DAEA1AA27E5EA0F0001EDF7 /* Persistence.swift */ = {isa = PBXFileReference; lastKnownFileType = sourcecode.swift; path = Persistence.swift; sourceTree = "<group>"; };
		6DB8CF9A2D302DC8004404E1 /* CalendarView.swift */ = {isa = PBXFileReference; lastKnownFileType = sourcecode.swift; path = CalendarView.swift; sourceTree = "<group>"; };
		6DBAF97127E7E04E005B8EE4 /* RoundedCorners.swift */ = {isa = PBXFileReference; lastKnownFileType = sourcecode.swift; path = RoundedCorners.swift; sourceTree = "<group>"; };
		6DBAF97727E9288C005B8EE4 /* ExercisesView.swift */ = {isa = PBXFileReference; lastKnownFileType = sourcecode.swift; path = ExercisesView.swift; sourceTree = "<group>"; };
		6DBAF97927E9289C005B8EE4 /* ProgressView.swift */ = {isa = PBXFileReference; lastKnownFileType = sourcecode.swift; path = ProgressView.swift; sourceTree = "<group>"; };
		6DE2A56427F22846002008FE /* WorkoutDayDetailsView.swift */ = {isa = PBXFileReference; lastKnownFileType = sourcecode.swift; path = WorkoutDayDetailsView.swift; sourceTree = "<group>"; };
		6DF2CFEB2D39B70100DCFC9C /* ExerciseFormView.swift */ = {isa = PBXFileReference; lastKnownFileType = sourcecode.swift; path = ExerciseFormView.swift; sourceTree = "<group>"; };
		6DF2CFED2D39BBB200DCFC9C /* CustomTextField.swift */ = {isa = PBXFileReference; lastKnownFileType = sourcecode.swift; path = CustomTextField.swift; sourceTree = "<group>"; };
		6DF2CFEF2D39BBD100DCFC9C /* CustomButton.swift */ = {isa = PBXFileReference; lastKnownFileType = sourcecode.swift; path = CustomButton.swift; sourceTree = "<group>"; };
		6DF2CFF32D39D67300DCFC9C /* LaunchScreenView.swift */ = {isa = PBXFileReference; lastKnownFileType = sourcecode.swift; path = LaunchScreenView.swift; sourceTree = "<group>"; };
		6DF2CFF52D3FC27600DCFC9C /* FoodDayView.swift */ = {isa = PBXFileReference; lastKnownFileType = sourcecode.swift; path = FoodDayView.swift; sourceTree = "<group>"; };
		6DF2CFF82D40085100DCFC9C /* MealFormView.swift */ = {isa = PBXFileReference; lastKnownFileType = sourcecode.swift; path = MealFormView.swift; sourceTree = "<group>"; };
/* End PBXFileReference section */

/* Begin PBXFrameworksBuildPhase section */
		6DAEA19B27E5EA0D0001EDF7 /* Frameworks */ = {
			isa = PBXFrameworksBuildPhase;
			buildActionMask = 2147483647;
			files = (
			);
			runOnlyForDeploymentPostprocessing = 0;
		};
/* End PBXFrameworksBuildPhase section */

/* Begin PBXGroup section */
		6D06558C2C5D90D30015CB6B /* Frameworks */ = {
			isa = PBXGroup;
			children = (
				6D06558D2C5D90D30015CB6B /* XCTest.framework */,
			);
			name = Frameworks;
			sourceTree = "<group>";
		};
		6D26F10C27EF68CF002D5F4F /* ViewModel */ = {
			isa = PBXGroup;
			children = (
				6D26F10D27EF6909002D5F4F /* WorkoutViewModel.swift */,
			);
			path = ViewModel;
			sourceTree = "<group>";
		};
		6D37D0EA2C62C03D004AB4DD /* WorkoutDayDetails */ = {
			isa = PBXGroup;
			children = (
				6DE2A56427F22846002008FE /* WorkoutDayDetailsView.swift */,
				6D6259AB2D35CC330082FC4B /* swipeablePanel.swift */,
			);
			path = WorkoutDayDetails;
			sourceTree = "<group>";
		};
		6D37D0F32C63810A004AB4DD /* Progress */ = {
			isa = PBXGroup;
			children = (
				6DBAF97927E9289C005B8EE4 /* ProgressView.swift */,
			);
			path = Progress;
			sourceTree = "<group>";
		};
		6D538FEA2C610D1000478628 /* WorkoutDayView */ = {
			isa = PBXGroup;
			children = (
				6DADFDDB28044BE100A122E0 /* WorkoutDayView.swift */,
				6DB8CF9A2D302DC8004404E1 /* CalendarView.swift */,
				6D8B485E2D32DF0800516B7C /* EmptyWorkoutDayView.swift */,
				6D6259B02D35D2F90082FC4B /* WorkoutDayViewHeaderView.swift */,
				6D6259D52D38631A0082FC4B /* ExercisesListView.swift */,
				6D6259D72D38633F0082FC4B /* ExerciseRowView.swift */,
				6D6259D92D38635D0082FC4B /* ExerciseSetView.swift */,
				6D6259DB2D3863870082FC4B /* ExerciseAttributes.swift */,
				6D538FEF2C611B5D00478628 /* DeleteHintView.swift */,
			);
			path = WorkoutDayView;
			sourceTree = "<group>";
		};
		6D6259AD2D35D2900082FC4B /* Helpers */ = {
			isa = PBXGroup;
			children = (
				6D8B48682D351F6000516B7C /* Array+EnumeratedArray.swift */,
				6D8B486A2D351F9500516B7C /* NumberFormatter+Decimal+Integer.swift */,
				6D6259AE2D35D2B20082FC4B /* UIApplication+endEditing.swift */,
				6D6259B22D3724810082FC4B /* WorkoutDay+DateFormatter.swift */,
			);
			path = Helpers;
			sourceTree = "<group>";
		};
		6D6259B82D37CFE70082FC4B /* SettingsView */ = {
			isa = PBXGroup;
			children = (
				6D6259B62D37CFD40082FC4B /* SettingsView.swift */,
			);
			path = SettingsView;
			sourceTree = "<group>";
		};
		6D8B486C2D351FD900516B7C /* Data */ = {
			isa = PBXGroup;
			children = (
				6D8B48622D351E9E00516B7C /* WokroutDay+ExercisesArray.swift */,
				6D8B48642D351EE600516B7C /* Exercise+SetsArray.swift */,
				6D8B48662D351F2B00516B7C /* Exercise+Attributes.swift */,
			);
			path = Data;
			sourceTree = "<group>";
		};
		6D8B486D2D35200700516B7C /* UI */ = {
			isa = PBXGroup;
			children = (
				6DBAF97127E7E04E005B8EE4 /* RoundedCorners.swift */,
				6D536B742C6961B800835D3C /* BackButton.swift */,
				6D55DB2A2D42E45300A642C5 /* CloseButtonCircle.swift */,
			);
			path = UI;
			sourceTree = "<group>";
		};
		6D8B48702D3522B600516B7C /* Permission */ = {
			isa = PBXGroup;
			children = (
				6D8B486E2D3521C900516B7C /* PHPhotoLibrary+Permission.swift */,
			);
			path = Permission;
			sourceTree = "<group>";
		};
		6DAEA19527E5EA0D0001EDF7 = {
			isa = PBXGroup;
			children = (
				6D37D0F52C638C03004AB4DD /* Info.plist */,
				6D06555E2C58F7B20015CB6B /* FitnessPad.xcdatamodeld */,
				6DAEA1A527E5EA0F0001EDF7 /* Assets.xcassets */,
				6DAEA1A027E5EA0D0001EDF7 /* FitnessPad */,
				6DAEA19F27E5EA0D0001EDF7 /* Products */,
				6D06558C2C5D90D30015CB6B /* Frameworks */,
			);
			sourceTree = "<group>";
		};
		6DAEA19F27E5EA0D0001EDF7 /* Products */ = {
			isa = PBXGroup;
			children = (
				6DAEA19E27E5EA0D0001EDF7 /* FitnessPad.app */,
			);
			name = Products;
			sourceTree = "<group>";
		};
		6DAEA1A027E5EA0D0001EDF7 /* FitnessPad */ = {
			isa = PBXGroup;
			children = (
				6DAEA1A127E5EA0D0001EDF7 /* FitnessPadApp.swift */,
				6DF2CFF32D39D67300DCFC9C /* LaunchScreenView.swift */,
				6DAEA1A327E5EA0D0001EDF7 /* ContentView.swift */,
				6DAEA1AA27E5EA0F0001EDF7 /* Persistence.swift */,
				6DADFDB627FC711900A122E0 /* DefaultExercisesModel.swift */,
				6D26F10C27EF68CF002D5F4F /* ViewModel */,
				6DAEA1B427E5F3EB0001EDF7 /* Views */,
				6D6259B82D37CFE70082FC4B /* SettingsView */,
				6DBAF97027E7E014005B8EE4 /* Extensions */,
				6DAEA1A727E5EA0F0001EDF7 /* Preview Content */,
			);
			path = FitnessPad;
			sourceTree = "<group>";
		};
		6DAEA1A727E5EA0F0001EDF7 /* Preview Content */ = {
			isa = PBXGroup;
			children = (
				6DAEA1A827E5EA0F0001EDF7 /* Preview Assets.xcassets */,
			);
			path = "Preview Content";
			sourceTree = "<group>";
		};
		6DAEA1B427E5F3EB0001EDF7 /* Views */ = {
			isa = PBXGroup;
			children = (
				6DF3A4D527EDDB96005260D0 /* TabBar */,
				6D538FEA2C610D1000478628 /* WorkoutDayView */,
				6D37D0EA2C62C03D004AB4DD /* WorkoutDayDetails */,
				6DF2CFF72D3FC28000DCFC9C /* FoodDay */,
				6DF3A4D127EDD2B9005260D0 /* Exercises */,
				6D37D0F32C63810A004AB4DD /* Progress */,
			);
			path = Views;
			sourceTree = "<group>";
		};
		6DBAF97027E7E014005B8EE4 /* Extensions */ = {
			isa = PBXGroup;
			children = (
				6D6259AD2D35D2900082FC4B /* Helpers */,
				6D8B486D2D35200700516B7C /* UI */,
				6D8B486C2D351FD900516B7C /* Data */,
				6D8B48702D3522B600516B7C /* Permission */,
			);
			path = Extensions;
			sourceTree = "<group>";
		};
		6DF2CFF72D3FC28000DCFC9C /* FoodDay */ = {
			isa = PBXGroup;
			children = (
				6DF2CFF52D3FC27600DCFC9C /* FoodDayView.swift */,
				6D55DB322D479D8F00A642C5 /* FoodDayHeaderView.swift */,
				6DF2CFF82D40085100DCFC9C /* MealFormView.swift */,
				6D55DB8F2D4A32B700A642C5 /* ProductSelectionView.swift */,
				6D55DB8D2D4A328100A642C5 /* Product.swift */,
				6D55DB2C2D46CCA400A642C5 /* CaloriesCalculator.swift */,
			);
			path = FoodDay;
			sourceTree = "<group>";
		};
		6DF3A4D127EDD2B9005260D0 /* Exercises */ = {
			isa = PBXGroup;
			children = (
				6DBAF97727E9288C005B8EE4 /* ExercisesView.swift */,
				6D55DB2E2D46D9A700A642C5 /* ExerciseDetailView.swift */,
				6DF2CFEB2D39B70100DCFC9C /* ExerciseFormView.swift */,
				6D37D0FB2C639AEC004AB4DD /* ImagePicker.swift */,
				6D55DB302D46F9BC00A642C5 /* VideoPicker.swift */,
				6DF2CFED2D39BBB200DCFC9C /* CustomTextField.swift */,
				6DF2CFEF2D39BBD100DCFC9C /* CustomButton.swift */,
			);
			path = Exercises;
			sourceTree = "<group>";
		};
		6DF3A4D527EDDB96005260D0 /* TabBar */ = {
			isa = PBXGroup;
			children = (
				6D8DED5727EA257A00A1B6B9 /* TabBarModel.swift */,
				6D567C5A27EA15290039FCAD /* TabBarView.swift */,
			);
			path = TabBar;
			sourceTree = "<group>";
		};
/* End PBXGroup section */

/* Begin PBXNativeTarget section */
		6DAEA19D27E5EA0D0001EDF7 /* FitnessPad */ = {
			isa = PBXNativeTarget;
			buildConfigurationList = 6DAEA1B127E5EA0F0001EDF7 /* Build configuration list for PBXNativeTarget "FitnessPad" */;
			buildPhases = (
				6DAEA19A27E5EA0D0001EDF7 /* Sources */,
				6DAEA19B27E5EA0D0001EDF7 /* Frameworks */,
				6D37D0F82C638FB1004AB4DD /* Resources */,
			);
			buildRules = (
			);
			dependencies = (
			);
			name = FitnessPad;
			productName = FitnessPad;
			productReference = 6DAEA19E27E5EA0D0001EDF7 /* FitnessPad.app */;
			productType = "com.apple.product-type.application";
		};
/* End PBXNativeTarget section */

/* Begin PBXProject section */
		6DAEA19627E5EA0D0001EDF7 /* Project object */ = {
			isa = PBXProject;
			attributes = {
				BuildIndependentTargetsInParallel = 1;
				LastSwiftUpdateCheck = 1320;
				LastUpgradeCheck = 1620;
				TargetAttributes = {
					6DAEA19D27E5EA0D0001EDF7 = {
						CreatedOnToolsVersion = 13.2.1;
					};
				};
			};
			buildConfigurationList = 6DAEA19927E5EA0D0001EDF7 /* Build configuration list for PBXProject "FitnessPad" */;
			compatibilityVersion = "Xcode 13.0";
			developmentRegion = en;
			hasScannedForEncodings = 0;
			knownRegions = (
				en,
				Base,
			);
			mainGroup = 6DAEA19527E5EA0D0001EDF7;
			productRefGroup = 6DAEA19F27E5EA0D0001EDF7 /* Products */;
			projectDirPath = "";
			projectRoot = "";
			targets = (
				6DAEA19D27E5EA0D0001EDF7 /* FitnessPad */,
			);
		};
/* End PBXProject section */

/* Begin PBXResourcesBuildPhase section */
		6D37D0F82C638FB1004AB4DD /* Resources */ = {
			isa = PBXResourcesBuildPhase;
			buildActionMask = 2147483647;
			files = (
				6D37D0FA2C638FD5004AB4DD /* Assets.xcassets in Resources */,
			);
			runOnlyForDeploymentPostprocessing = 0;
		};
/* End PBXResourcesBuildPhase section */

/* Begin PBXSourcesBuildPhase section */
		6DAEA19A27E5EA0D0001EDF7 /* Sources */ = {
			isa = PBXSourcesBuildPhase;
			buildActionMask = 2147483647;
			files = (
				6D55DB332D479D8F00A642C5 /* FoodDayHeaderView.swift in Sources */,
				6DF2CFF62D3FC27600DCFC9C /* FoodDayView.swift in Sources */,
				6D55DB8E2D4A328100A642C5 /* Product.swift in Sources */,
				6D55DB902D4A32B700A642C5 /* ProductSelectionView.swift in Sources */,
				6D6259B72D37CFD40082FC4B /* SettingsView.swift in Sources */,
				6D536B752C6961B800835D3C /* BackButton.swift in Sources */,
				6DADFDDC28044BE100A122E0 /* WorkoutDayView.swift in Sources */,
				6D8DED5827EA257A00A1B6B9 /* TabBarModel.swift in Sources */,
				6D8B48632D351E9E00516B7C /* WokroutDay+ExercisesArray.swift in Sources */,
				6D6259D82D38633F0082FC4B /* ExerciseRowView.swift in Sources */,
				6D55DB2F2D46D9A700A642C5 /* ExerciseDetailView.swift in Sources */,
				6D6259DC2D3863870082FC4B /* ExerciseAttributes.swift in Sources */,
				6DF2CFF42D39D67300DCFC9C /* LaunchScreenView.swift in Sources */,
				6DF2CFEE2D39BBB200DCFC9C /* CustomTextField.swift in Sources */,
				6DBAF97827E9288C005B8EE4 /* ExercisesView.swift in Sources */,
				6D567C5B27EA15290039FCAD /* TabBarView.swift in Sources */,
				6DB8CF9B2D302DC8004404E1 /* CalendarView.swift in Sources */,
				6D6259D62D38631A0082FC4B /* ExercisesListView.swift in Sources */,
				6D6259B32D3724810082FC4B /* WorkoutDay+DateFormatter.swift in Sources */,
				6D6259B12D35D2F90082FC4B /* WorkoutDayViewHeaderView.swift in Sources */,
				6D8B48652D351EE600516B7C /* Exercise+SetsArray.swift in Sources */,
				6D8B486B2D351F9500516B7C /* NumberFormatter+Decimal+Integer.swift in Sources */,
				6D37D0FC2C639AEC004AB4DD /* ImagePicker.swift in Sources */,
				6D55DB2B2D42E45300A642C5 /* CloseButtonCircle.swift in Sources */,
				6DADFDB727FC711900A122E0 /* DefaultExercisesModel.swift in Sources */,
				6DE2A56527F22846002008FE /* WorkoutDayDetailsView.swift in Sources */,
				6D0655602C58F7B20015CB6B /* FitnessPad.xcdatamodeld in Sources */,
				6D6259AF2D35D2B20082FC4B /* UIApplication+endEditing.swift in Sources */,
				6DAEA1AB27E5EA0F0001EDF7 /* Persistence.swift in Sources */,
				6DAEA1A427E5EA0D0001EDF7 /* ContentView.swift in Sources */,
				6D55DB312D46F9BC00A642C5 /* VideoPicker.swift in Sources */,
				6D8B485F2D32DF0800516B7C /* EmptyWorkoutDayView.swift in Sources */,
				6DBAF97A27E9289C005B8EE4 /* ProgressView.swift in Sources */,
				6DBAF97227E7E04E005B8EE4 /* RoundedCorners.swift in Sources */,
				6D26F10E27EF6909002D5F4F /* WorkoutViewModel.swift in Sources */,
				6D6259DA2D38635D0082FC4B /* ExerciseSetView.swift in Sources */,
				6D55DB2D2D46CCA400A642C5 /* CaloriesCalculator.swift in Sources */,
				6DF2CFF02D39BBD100DCFC9C /* CustomButton.swift in Sources */,
				6D6259AC2D35CC330082FC4B /* swipeablePanel.swift in Sources */,
				6DF2CFEC2D39B70100DCFC9C /* ExerciseFormView.swift in Sources */,
				6D8B48692D351F6000516B7C /* Array+EnumeratedArray.swift in Sources */,
				6D538FF02C611B5D00478628 /* DeleteHintView.swift in Sources */,
				6D8B486F2D3521C900516B7C /* PHPhotoLibrary+Permission.swift in Sources */,
				6D8B48672D351F2B00516B7C /* Exercise+Attributes.swift in Sources */,
				6DAEA1A227E5EA0D0001EDF7 /* FitnessPadApp.swift in Sources */,
				6DF2CFF92D40085100DCFC9C /* MealFormView.swift in Sources */,
			);
			runOnlyForDeploymentPostprocessing = 0;
		};
/* End PBXSourcesBuildPhase section */

/* Begin XCBuildConfiguration section */
		6DAEA1AF27E5EA0F0001EDF7 /* Debug */ = {
			isa = XCBuildConfiguration;
			buildSettings = {
				ALWAYS_SEARCH_USER_PATHS = NO;
				ASSETCATALOG_COMPILER_GENERATE_SWIFT_ASSET_SYMBOL_EXTENSIONS = YES;
				CLANG_ANALYZER_NONNULL = YES;
				CLANG_ANALYZER_NUMBER_OBJECT_CONVERSION = YES_AGGRESSIVE;
				CLANG_CXX_LANGUAGE_STANDARD = "gnu++17";
				CLANG_CXX_LIBRARY = "libc++";
				CLANG_ENABLE_MODULES = YES;
				CLANG_ENABLE_OBJC_ARC = YES;
				CLANG_ENABLE_OBJC_WEAK = YES;
				CLANG_WARN_BLOCK_CAPTURE_AUTORELEASING = YES;
				CLANG_WARN_BOOL_CONVERSION = YES;
				CLANG_WARN_COMMA = YES;
				CLANG_WARN_CONSTANT_CONVERSION = YES;
				CLANG_WARN_DEPRECATED_OBJC_IMPLEMENTATIONS = YES;
				CLANG_WARN_DIRECT_OBJC_ISA_USAGE = YES_ERROR;
				CLANG_WARN_DOCUMENTATION_COMMENTS = YES;
				CLANG_WARN_EMPTY_BODY = YES;
				CLANG_WARN_ENUM_CONVERSION = YES;
				CLANG_WARN_INFINITE_RECURSION = YES;
				CLANG_WARN_INT_CONVERSION = YES;
				CLANG_WARN_NON_LITERAL_NULL_CONVERSION = YES;
				CLANG_WARN_OBJC_IMPLICIT_RETAIN_SELF = YES;
				CLANG_WARN_OBJC_LITERAL_CONVERSION = YES;
				CLANG_WARN_OBJC_ROOT_CLASS = YES_ERROR;
				CLANG_WARN_QUOTED_INCLUDE_IN_FRAMEWORK_HEADER = YES;
				CLANG_WARN_RANGE_LOOP_ANALYSIS = YES;
				CLANG_WARN_STRICT_PROTOTYPES = YES;
				CLANG_WARN_SUSPICIOUS_MOVE = YES;
				CLANG_WARN_UNGUARDED_AVAILABILITY = YES_AGGRESSIVE;
				CLANG_WARN_UNREACHABLE_CODE = YES;
				CLANG_WARN__DUPLICATE_METHOD_MATCH = YES;
				COPY_PHASE_STRIP = NO;
				DEBUG_INFORMATION_FORMAT = dwarf;
				ENABLE_STRICT_OBJC_MSGSEND = YES;
				ENABLE_TESTABILITY = YES;
				ENABLE_USER_SCRIPT_SANDBOXING = YES;
				GCC_C_LANGUAGE_STANDARD = gnu11;
				GCC_DYNAMIC_NO_PIC = NO;
				GCC_NO_COMMON_BLOCKS = YES;
				GCC_OPTIMIZATION_LEVEL = 0;
				GCC_PREPROCESSOR_DEFINITIONS = (
					"DEBUG=1",
					"$(inherited)",
				);
				GCC_WARN_64_TO_32_BIT_CONVERSION = YES;
				GCC_WARN_ABOUT_RETURN_TYPE = YES_ERROR;
				GCC_WARN_UNDECLARED_SELECTOR = YES;
				GCC_WARN_UNINITIALIZED_AUTOS = YES_AGGRESSIVE;
				GCC_WARN_UNUSED_FUNCTION = YES;
				GCC_WARN_UNUSED_VARIABLE = YES;
				IPHONEOS_DEPLOYMENT_TARGET = 17.0;
				MTL_ENABLE_DEBUG_INFO = INCLUDE_SOURCE;
				MTL_FAST_MATH = YES;
				ONLY_ACTIVE_ARCH = YES;
				SDKROOT = iphoneos;
				SWIFT_ACTIVE_COMPILATION_CONDITIONS = DEBUG;
				SWIFT_OPTIMIZATION_LEVEL = "-Onone";
			};
			name = Debug;
		};
		6DAEA1B027E5EA0F0001EDF7 /* Release */ = {
			isa = XCBuildConfiguration;
			buildSettings = {
				ALWAYS_SEARCH_USER_PATHS = NO;
				ASSETCATALOG_COMPILER_GENERATE_SWIFT_ASSET_SYMBOL_EXTENSIONS = YES;
				CLANG_ANALYZER_NONNULL = YES;
				CLANG_ANALYZER_NUMBER_OBJECT_CONVERSION = YES_AGGRESSIVE;
				CLANG_CXX_LANGUAGE_STANDARD = "gnu++17";
				CLANG_CXX_LIBRARY = "libc++";
				CLANG_ENABLE_MODULES = YES;
				CLANG_ENABLE_OBJC_ARC = YES;
				CLANG_ENABLE_OBJC_WEAK = YES;
				CLANG_WARN_BLOCK_CAPTURE_AUTORELEASING = YES;
				CLANG_WARN_BOOL_CONVERSION = YES;
				CLANG_WARN_COMMA = YES;
				CLANG_WARN_CONSTANT_CONVERSION = YES;
				CLANG_WARN_DEPRECATED_OBJC_IMPLEMENTATIONS = YES;
				CLANG_WARN_DIRECT_OBJC_ISA_USAGE = YES_ERROR;
				CLANG_WARN_DOCUMENTATION_COMMENTS = YES;
				CLANG_WARN_EMPTY_BODY = YES;
				CLANG_WARN_ENUM_CONVERSION = YES;
				CLANG_WARN_INFINITE_RECURSION = YES;
				CLANG_WARN_INT_CONVERSION = YES;
				CLANG_WARN_NON_LITERAL_NULL_CONVERSION = YES;
				CLANG_WARN_OBJC_IMPLICIT_RETAIN_SELF = YES;
				CLANG_WARN_OBJC_LITERAL_CONVERSION = YES;
				CLANG_WARN_OBJC_ROOT_CLASS = YES_ERROR;
				CLANG_WARN_QUOTED_INCLUDE_IN_FRAMEWORK_HEADER = YES;
				CLANG_WARN_RANGE_LOOP_ANALYSIS = YES;
				CLANG_WARN_STRICT_PROTOTYPES = YES;
				CLANG_WARN_SUSPICIOUS_MOVE = YES;
				CLANG_WARN_UNGUARDED_AVAILABILITY = YES_AGGRESSIVE;
				CLANG_WARN_UNREACHABLE_CODE = YES;
				CLANG_WARN__DUPLICATE_METHOD_MATCH = YES;
				COPY_PHASE_STRIP = NO;
				DEBUG_INFORMATION_FORMAT = "dwarf-with-dsym";
				ENABLE_NS_ASSERTIONS = NO;
				ENABLE_STRICT_OBJC_MSGSEND = YES;
				ENABLE_USER_SCRIPT_SANDBOXING = YES;
				GCC_C_LANGUAGE_STANDARD = gnu11;
				GCC_NO_COMMON_BLOCKS = YES;
				GCC_WARN_64_TO_32_BIT_CONVERSION = YES;
				GCC_WARN_ABOUT_RETURN_TYPE = YES_ERROR;
				GCC_WARN_UNDECLARED_SELECTOR = YES;
				GCC_WARN_UNINITIALIZED_AUTOS = YES_AGGRESSIVE;
				GCC_WARN_UNUSED_FUNCTION = YES;
				GCC_WARN_UNUSED_VARIABLE = YES;
				IPHONEOS_DEPLOYMENT_TARGET = 17.0;
				MTL_ENABLE_DEBUG_INFO = NO;
				MTL_FAST_MATH = YES;
				SDKROOT = iphoneos;
				SWIFT_COMPILATION_MODE = wholemodule;
				SWIFT_OPTIMIZATION_LEVEL = "-O";
				VALIDATE_PRODUCT = YES;
			};
			name = Release;
		};
		6DAEA1B227E5EA0F0001EDF7 /* Debug */ = {
			isa = XCBuildConfiguration;
			buildSettings = {
				ASSETCATALOG_COMPILER_APPICON_NAME = AppIcon;
				ASSETCATALOG_COMPILER_GLOBAL_ACCENT_COLOR_NAME = AccentColor;
				CODE_SIGN_STYLE = Automatic;
				CURRENT_PROJECT_VERSION = 1;
				DEVELOPMENT_ASSET_PATHS = "\"FitnessPad/Preview Content\"";
				DEVELOPMENT_TEAM = PJ4TAD8N5W;
				ENABLE_PREVIEWS = YES;
				GENERATE_INFOPLIST_FILE = YES;
				INFOPLIST_FILE = "$(SRCROOT)/Info.plist";
				INFOPLIST_KEY_UIApplicationSceneManifest_Generation = YES;
				INFOPLIST_KEY_UIApplicationSupportsIndirectInputEvents = YES;
				INFOPLIST_KEY_UILaunchScreen_Generation = YES;
				INFOPLIST_KEY_UISupportedInterfaceOrientations_iPad = "UIInterfaceOrientationPortrait UIInterfaceOrientationPortraitUpsideDown UIInterfaceOrientationLandscapeLeft UIInterfaceOrientationLandscapeRight";
				INFOPLIST_KEY_UISupportedInterfaceOrientations_iPhone = "UIInterfaceOrientationPortrait UIInterfaceOrientationLandscapeLeft UIInterfaceOrientationLandscapeRight";
				IPHONEOS_DEPLOYMENT_TARGET = 18.0;
				LD_RUNPATH_SEARCH_PATHS = (
					"$(inherited)",
					"@executable_path/Frameworks",
				);
				MARKETING_VERSION = 1.0;
				PRODUCT_BUNDLE_IDENTIFIER = com.markkulikalex.FitnessPad;
				PRODUCT_NAME = "$(TARGET_NAME)";
				SWIFT_EMIT_LOC_STRINGS = YES;
				SWIFT_VERSION = 5.0;
				TARGETED_DEVICE_FAMILY = "1,2";
			};
			name = Debug;
		};
		6DAEA1B327E5EA0F0001EDF7 /* Release */ = {
			isa = XCBuildConfiguration;
			buildSettings = {
				ASSETCATALOG_COMPILER_APPICON_NAME = AppIcon;
				ASSETCATALOG_COMPILER_GLOBAL_ACCENT_COLOR_NAME = AccentColor;
				CODE_SIGN_STYLE = Automatic;
				CURRENT_PROJECT_VERSION = 1;
				DEVELOPMENT_ASSET_PATHS = "\"FitnessPad/Preview Content\"";
				DEVELOPMENT_TEAM = PJ4TAD8N5W;
				ENABLE_PREVIEWS = YES;
				GENERATE_INFOPLIST_FILE = YES;
				INFOPLIST_FILE = "$(SRCROOT)/Info.plist";
				INFOPLIST_KEY_UIApplicationSceneManifest_Generation = YES;
				INFOPLIST_KEY_UIApplicationSupportsIndirectInputEvents = YES;
				INFOPLIST_KEY_UILaunchScreen_Generation = YES;
				INFOPLIST_KEY_UISupportedInterfaceOrientations_iPad = "UIInterfaceOrientationPortrait UIInterfaceOrientationPortraitUpsideDown UIInterfaceOrientationLandscapeLeft UIInterfaceOrientationLandscapeRight";
				INFOPLIST_KEY_UISupportedInterfaceOrientations_iPhone = "UIInterfaceOrientationPortrait UIInterfaceOrientationLandscapeLeft UIInterfaceOrientationLandscapeRight";
				IPHONEOS_DEPLOYMENT_TARGET = 18.0;
				LD_RUNPATH_SEARCH_PATHS = (
					"$(inherited)",
					"@executable_path/Frameworks",
				);
				MARKETING_VERSION = 1.0;
				PRODUCT_BUNDLE_IDENTIFIER = com.markkulikalex.FitnessPad;
				PRODUCT_NAME = "$(TARGET_NAME)";
				SWIFT_EMIT_LOC_STRINGS = YES;
				SWIFT_VERSION = 5.0;
				TARGETED_DEVICE_FAMILY = "1,2";
			};
			name = Release;
		};
/* End XCBuildConfiguration section */

/* Begin XCConfigurationList section */
		6DAEA19927E5EA0D0001EDF7 /* Build configuration list for PBXProject "FitnessPad" */ = {
			isa = XCConfigurationList;
			buildConfigurations = (
				6DAEA1AF27E5EA0F0001EDF7 /* Debug */,
				6DAEA1B027E5EA0F0001EDF7 /* Release */,
			);
			defaultConfigurationIsVisible = 0;
			defaultConfigurationName = Release;
		};
		6DAEA1B127E5EA0F0001EDF7 /* Build configuration list for PBXNativeTarget "FitnessPad" */ = {
			isa = XCConfigurationList;
			buildConfigurations = (
				6DAEA1B227E5EA0F0001EDF7 /* Debug */,
				6DAEA1B327E5EA0F0001EDF7 /* Release */,
			);
			defaultConfigurationIsVisible = 0;
			defaultConfigurationName = Release;
		};
/* End XCConfigurationList section */

/* Begin XCVersionGroup section */
		6D06555E2C58F7B20015CB6B /* FitnessPad.xcdatamodeld */ = {
			isa = XCVersionGroup;
			children = (
				6D06555F2C58F7B20015CB6B /* FitnessPad.xcdatamodel */,
			);
			currentVersion = 6D06555F2C58F7B20015CB6B /* FitnessPad.xcdatamodel */;
			name = FitnessPad.xcdatamodeld;
			path = "/Users/kulik_mark/Desktop/XCODE PROJECTS/FitnessPad/FitnessPad.xcdatamodeld";
			sourceTree = "<group>";
			versionGroupType = wrapper.xcdatamodel;
		};
/* End XCVersionGroup section */
	};
	rootObject = 6DAEA19627E5EA0D0001EDF7 /* Project object */;
}
